
Microsoft Visual Studio Solution File, Format Version 12.00
# Visual Studio Version 17
VisualStudioVersion = 17.1.32210.238
MinimumVisualStudioVersion = 10.0.40219.1
Project("{FAE04EC0-301F-11D3-BF4B-00C04F79EFBC}") = "ProjetoNumeroInteiro1", "ProjetoNumeroInteiro1\ProjetoNumeroInteiro1.csproj", "{67987D9B-F7EE-49FA-87B5-A7514E89B28C}"
EndProject
Global
	GlobalSection(SolutionConfigurationPlatforms) = preSolution
		Debug|Any CPU = Debug|Any CPU
		Release|Any CPU = Release|Any CPU
	EndGlobalSection
	GlobalSection(ProjectConfigurationPlatforms) = postSolution
		{67987D9B-F7EE-49FA-87B5-A7514E89B28C}.Debug|Any CPU.ActiveCfg = Debug|Any CPU
		{67987D9B-F7EE-49FA-87B5-A7514E89B28C}.Debug|Any CPU.Build.0 = Debug|Any CPU
		{67987D9B-F7EE-49FA-87B5-A7514E89B28C}.Release|Any CPU.ActiveCfg = Release|Any CPU
		{67987D9B-F7EE-49FA-87B5-A7514E89B28C}.Release|Any CPU.Build.0 = Release|Any CPU
	EndGlobalSection
	GlobalSection(SolutionProperties) = preSolution
		HideSolutionNode = FALSE
	EndGlobalSection
	GlobalSection(ExtensibilityGlobals) = postSolution
		SolutionGuid = {9BEB9DB9-3D3B-4399-AE3B-A4A5D037930F}
	EndGlobalSection
EndGlobal
